# THIS IS AN AUTOGENERATED FILE. DO NOT EDIT THIS FILE DIRECTLY.
# yarn lockfile v1


chrome-remote-interface@^0.28.1:
  version "0.28.1"
  resolved "https://registry.yarnpkg.com/chrome-remote-interface/-/chrome-remote-interface-0.28.1.tgz#45b5c2cc3ac652d476367f39e01e1a9a48191201"
  integrity sha512-OnVjEOuZtPDImShaWSQPKPZMNnUnoZfLKhayeXUWOyqir3MT1OTqMzUDEnIVx1itPnsW7CiKgyNLLgvgdniJgQ==
  dependencies:
    commander "2.11.x"
    ws "^7.2.0"

commander@2.11.x:
  version "2.11.0"
  resolved "https://registry.yarnpkg.com/commander/-/commander-2.11.0.tgz#157152fd1e7a6c8d98a5b715cf376df928004563"
  integrity sha512-b0553uYA5YAEGgyYIGYROzKQ7X5RAqedkfjiZxwi0kL1g3bOaBNNZfYkzt/CL0umgD5wc9Jec2FbB98CjkMRvQ==

minimist@^1.2.0:
  version "1.2.0"
  resolved "https://registry.yarnpkg.com/minimist/-/minimist-1.2.0.tgz#a35008b20f41383eec1fb914f4cd5df79a264284"

ws@^7.2.0:
  version "7.2.1"
  resolved "https://registry.yarnpkg.com/ws/-/ws-7.2.1.tgz#03ed52423cd744084b2cf42ed197c8b65a936b8e"
  integrity sha512-sucePNSafamSKoOqoNfBd8V0StlkzJKL2ZAhGQinCfNQ+oacw+Pk7lcdAElecBF2VkLNZRiIb5Oi1Q5lVUVt2A==
